
Microsoft Visual Studio Solution File, Format Version 12.00
# Visual Studio Version 16
VisualStudioVersion = 16.0.810.8
MinimumVisualStudioVersion = 10.0.40219.1
Project("{FAE04EC0-301F-11D3-BF4B-00C04F79EFBC}") = "RegContact5.0", "RegContact5.0\RegContact5.0.csproj", "{C58B8E36-4646-416C-8B63-863E05BDABEB}"
EndProject
Global
	GlobalSection(SolutionConfigurationPlatforms) = preSolution
		Debug|Any CPU = Debug|Any CPU
		Release|Any CPU = Release|Any CPU
	EndGlobalSection
	GlobalSection(ProjectConfigurationPlatforms) = postSolution
		{C58B8E36-4646-416C-8B63-863E05BDABEB}.Debug|Any CPU.ActiveCfg = Debug|Any CPU
		{C58B8E36-4646-416C-8B63-863E05BDABEB}.Debug|Any CPU.Build.0 = Debug|Any CPU
		{C58B8E36-4646-416C-8B63-863E05BDABEB}.Release|Any CPU.ActiveCfg = Release|Any CPU
		{C58B8E36-4646-416C-8B63-863E05BDABEB}.Release|Any CPU.Build.0 = Release|Any CPU
	EndGlobalSection
	GlobalSection(SolutionProperties) = preSolution
		HideSolutionNode = FALSE
	EndGlobalSection
	GlobalSection(ExtensibilityGlobals) = postSolution
		SolutionGuid = {DAA97674-7A80-41E7-9411-043196777121}
	EndGlobalSection
EndGlobal
